
Microsoft Visual Studio Solution File, Format Version 12.00
# Visual Studio Version 17
VisualStudioVersion = 17.11.35312.102
MinimumVisualStudioVersion = 10.0.40219.1
Project("{FAE04EC0-301F-11D3-BF4B-00C04F79EFBC}") = "BookingService", "WebApplication1\BookingService.csproj", "{F03170F4-831D-4944-A055-F62B83664A65}"
EndProject
Global
	GlobalSection(SolutionConfigurationPlatforms) = preSolution
		Debug|Any CPU = Debug|Any CPU
		Release|Any CPU = Release|Any CPU
	EndGlobalSection
	GlobalSection(ProjectConfigurationPlatforms) = postSolution
		{F03170F4-831D-4944-A055-F62B83664A65}.Debug|Any CPU.ActiveCfg = Debug|Any CPU
		{F03170F4-831D-4944-A055-F62B83664A65}.Debug|Any CPU.Build.0 = Debug|Any CPU
		{F03170F4-831D-4944-A055-F62B83664A65}.Release|Any CPU.ActiveCfg = Release|Any CPU
		{F03170F4-831D-4944-A055-F62B83664A65}.Release|Any CPU.Build.0 = Release|Any CPU
	EndGlobalSection
	GlobalSection(SolutionProperties) = preSolution
		HideSolutionNode = FALSE
	EndGlobalSection
	GlobalSection(ExtensibilityGlobals) = postSolution
		SolutionGuid = {09BE93D7-0F88-4B89-A1A1-CE7A4B2B2969}
	EndGlobalSection
EndGlobal
